<?xml version="1.0" encoding="utf-8"?>
<Project ToolsVersion="4.0" xmlns="http://schemas.microsoft.com/developer/msbuild/2003">
  <ItemGroup>
    <Filter Include="Source Files">
      <UniqueIdentifier>{4FC737F1-C7A5-4376-A066-2A32D752A2FF}</UniqueIdentifier>
      <Extensions>cpp;c;cc;cxx;def;odl;idl;hpj;bat;asm;asmx</Extensions>
    </Filter>
    <Filter Include="Header Files">
      <UniqueIdentifier>{93995380-89BD-4b04-88EB-625FBE52EBFB}</UniqueIdentifier>
      <Extensions>h;hh;hpp;hxx;hm;inl;inc;xsd</Extensions>
    </Filter>
    <Filter Include="Resource Files">
      <UniqueIdentifier>{67DA6AB6-F800-4c08-8B7A-83BB121AAD01}</UniqueIdentifier>
      <Extensions>rc;ico;cur;bmp;dlg;rc2;rct;bin;rgs;gif;jpg;jpeg;jpe;resx;tiff;tif;png;wav;mfcribbon-ms</Extensions>
    </Filter>
    <Filter Include="Source Files\control">
      <UniqueIdentifier>{42be7df6-a214-4098-a730-8e5edb6320d9}</UniqueIdentifier>
    </Filter>
    <Filter Include="Source Files\system">
      <UniqueIdentifier>{26ac2b6a-8a27-494a-b97f-9776c3ba6c94}</UniqueIdentifier>
    </Filter>
    <Filter Include="Source Files\hardware">
      <UniqueIdentifier>{0722c18b-5b6f-458a-aa1c-d92b0c2e5e5d}</UniqueIdentifier>
    </Filter>
    <Filter Include="Resource Files\parameters">
      <UniqueIdentifier>{5ec15089-51da-4b43-a981-3c722acf70dc}</UniqueIdentifier>
    </Filter>
    <Filter Include="Resource Files\references">
      <UniqueIdentifier>{aa0dac86-fb99-408c-aa33-5a08614d5a40}</UniqueIdentifier>
    </Filter>
    <Filter Include="Header Files\control">
      <UniqueIdentifier>{412963f6-4e84-4261-9155-893275f8e658}</UniqueIdentifier>
    </Filter>
    <Filter Include="Header Files\hardware">
      <UniqueIdentifier>{a3da67e2-8afb-43f9-ac61-790c77ab5afa}</UniqueIdentifier>
    </Filter>
    <Filter Include="Header Files\system">
      <UniqueIdentifier>{a481d967-0df9-41d5-bf7b-c10083567902}</UniqueIdentifier>
    </Filter>
  </ItemGroup>
  <ItemGroup>
    <ClCompile Include="ctrl_math.c">
      <Filter>Source Files\control</Filter>
    </ClCompile>
    <ClCompile Include="current_ctrl.c">
      <Filter>Source Files\control</Filter>
    </ClCompile>
    <ClCompile Include="motion_ctrl.c">
      <Filter>Source Files\control</Filter>
    </ClCompile>
    <ClCompile Include="motor_enc.c">
      <Filter>Source Files\hardware</Filter>
    </ClCompile>
    <ClCompile Include="motor_pem.c">
      <Filter>Source Files\hardware</Filter>
    </ClCompile>
    <ClCompile Include="stage_lin.c">
      <Filter>Source Files\hardware</Filter>
    </ClCompile>
    <ClCompile Include="stage_adc.c">
      <Filter>Source Files\hardware</Filter>
    </ClCompile>
    <ClCompile Include="system_data.c">
      <Filter>Source Files\system</Filter>
    </ClCompile>
    <ClCompile Include="main_exp.c" />
    <ClCompile Include="system_fsm.c">
      <Filter>Source Files\system</Filter>
    </ClCompile>
    <ClCompile Include="adaptive_ctrl.c">
      <Filter>Source Files\control</Filter>
    </ClCompile>
  </ItemGroup>
  <ItemGroup>
    <ClInclude Include="ctrl_math.h">
      <Filter>Header Files\control</Filter>
    </ClInclude>
    <ClInclude Include="current_ctrl.h">
      <Filter>Header Files\control</Filter>
    </ClInclude>
    <ClInclude Include="motion_ctrl.h">
      <Filter>Header Files\control</Filter>
    </ClInclude>
    <ClInclude Include="motor_enc.h">
      <Filter>Header Files\hardware</Filter>
    </ClInclude>
    <ClInclude Include="motor_pem.h">
      <Filter>Header Files\hardware</Filter>
    </ClInclude>
    <ClInclude Include="stage_lin.h">
      <Filter>Header Files\hardware</Filter>
    </ClInclude>
    <ClInclude Include="stage_adc.h">
      <Filter>Header Files\hardware</Filter>
    </ClInclude>
    <ClInclude Include="system_data.h">
      <Filter>Header Files\system</Filter>
    </ClInclude>
    <ClInclude Include="system_fsm.h">
      <Filter>Header Files\system</Filter>
    </ClInclude>
    <ClInclude Include="current_ctrl_par.h">
      <Filter>Resource Files\parameters</Filter>
    </ClInclude>
    <ClInclude Include="motion_ctrl_par.h">
      <Filter>Resource Files\parameters</Filter>
    </ClInclude>
    <ClInclude Include="Rtimeref.h">
      <Filter>Resource Files\references</Filter>
    </ClInclude>
    <ClInclude Include="adaptive_ctrl.h">
      <Filter>Header Files\control</Filter>
    </ClInclude>
    <ClInclude Include="Rfreqref.h">
      <Filter>Resource Files\references</Filter>
    </ClInclude>
  </ItemGroup>
</Project>